// !$*UTF8*$!
{
	archiveVersion = 1;
	classes = {
	};
	objectVersion = 46;
	objects = {

/* Begin PBXBuildFile section */
		BC4122B11CC8AB5C00835BAA /* PlaySoundsViewController+Audio.swift in Sources */ = {isa = PBXBuildFile; fileRef = BC4122B01CC8AB5C00835BAA /* PlaySoundsViewController+Audio.swift */; };
		BC4885081CBF2E1700500199 /* AppDelegate.swift in Sources */ = {isa = PBXBuildFile; fileRef = BC4885071CBF2E1700500199 /* AppDelegate.swift */; };
		BC48850A1CBF2E1700500199 /* RecordSoundsViewController.swift in Sources */ = {isa = PBXBuildFile; fileRef = BC4885091CBF2E1700500199 /* RecordSoundsViewController.swift */; };
		BC48850D1CBF2E1700500199 /* Main.storyboard in Resources */ = {isa = PBXBuildFile; fileRef = BC48850B1CBF2E1700500199 /* Main.storyboard */; };
		BC48850F1CBF2E1700500199 /* Assets.xcassets in Resources */ = {isa = PBXBuildFile; fileRef = BC48850E1CBF2E1700500199 /* Assets.xcassets */; };
		BC4885121CBF2E1700500199 /* LaunchScreen.storyboard in Resources */ = {isa = PBXBuildFile; fileRef = BC4885101CBF2E1700500199 /* LaunchScreen.storyboard */; };
		BCC5E1BE1CC482D8001048FB /* PlaySoundsViewController.swift in Sources */ = {isa = PBXBuildFile; fileRef = BCC5E1BD1CC482D8001048FB /* PlaySoundsViewController.swift */; };
/* End PBXBuildFile section */

/* Begin PBXFileReference section */
		BC4122B01CC8AB5C00835BAA /* PlaySoundsViewController+Audio.swift */ = {isa = PBXFileReference; fileEncoding = 4; lastKnownFileType = sourcecode.swift; path = "PlaySoundsViewController+Audio.swift"; sourceTree = "<group>"; };
		BC4885041CBF2E1700500199 /* PitchPerfect.app */ = {isa = PBXFileReference; explicitFileType = wrapper.application; includeInIndex = 0; path = PitchPerfect.app; sourceTree = BUILT_PRODUCTS_DIR; };
		BC4885071CBF2E1700500199 /* AppDelegate.swift */ = {isa = PBXFileReference; lastKnownFileType = sourcecode.swift; path = AppDelegate.swift; sourceTree = "<group>"; };
		BC4885091CBF2E1700500199 /* RecordSoundsViewController.swift */ = {isa = PBXFileReference; lastKnownFileType = sourcecode.swift; path = RecordSoundsViewController.swift; sourceTree = "<group>"; };
		BC48850C1CBF2E1700500199 /* Base */ = {isa = PBXFileReference; lastKnownFileType = file.storyboard; name = Base; path = Base.lproj/Main.storyboard; sourceTree = "<group>"; };
		BC48850E1CBF2E1700500199 /* Assets.xcassets */ = {isa = PBXFileReference; lastKnownFileType = folder.assetcatalog; path = Assets.xcassets; sourceTree = "<group>"; };
		BC4885111CBF2E1700500199 /* Base */ = {isa = PBXFileReference; lastKnownFileType = file.storyboard; name = Base; path = Base.lproj/LaunchScreen.storyboard; sourceTree = "<group>"; };
		BC4885131CBF2E1700500199 /* Info.plist */ = {isa = PBXFileReference; lastKnownFileType = text.plist.xml; path = Info.plist; sourceTree = "<group>"; };
		BCC5E1BD1CC482D8001048FB /* PlaySoundsViewController.swift */ = {isa = PBXFileReference; fileEncoding = 4; lastKnownFileType = sourcecode.swift; path = PlaySoundsViewController.swift; sourceTree = "<group>"; };
/* End PBXFileReference section */

/* Begin PBXFrameworksBuildPhase section */
		BC4885011CBF2E1700500199 /* Frameworks */ = {
			isa = PBXFrameworksBuildPhase;
			buildActionMask = 2147483647;
			files = (
			);
			runOnlyForDeploymentPostprocessing = 0;
		};
/* End PBXFrameworksBuildPhase section */

/* Begin PBXGroup section */
		BC4884FB1CBF2E1700500199 = {
			isa = PBXGroup;
			children = (
				BC4885061CBF2E1700500199 /* PitchPerfect */,
				BC4885051CBF2E1700500199 /* Products */,
			);
			sourceTree = "<group>";
		};
		BC4885051CBF2E1700500199 /* Products */ = {
			isa = PBXGroup;
			children = (
				BC4885041CBF2E1700500199 /* PitchPerfect.app */,
			);
			name = Products;
			sourceTree = "<group>";
		};
		BC4885061CBF2E1700500199 /* PitchPerfect */ = {
			isa = PBXGroup;
			children = (
				BC4885071CBF2E1700500199 /* AppDelegate.swift */,
				BCC5E1BD1CC482D8001048FB /* PlaySoundsViewController.swift */,
				BC4885091CBF2E1700500199 /* RecordSoundsViewController.swift */,
				BC4122B01CC8AB5C00835BAA /* PlaySoundsViewController+Audio.swift */,
				BC48850B1CBF2E1700500199 /* Main.storyboard */,
				BC48850E1CBF2E1700500199 /* Assets.xcassets */,
				BC4885101CBF2E1700500199 /* LaunchScreen.storyboard */,
				BC4885131CBF2E1700500199 /* Info.plist */,
			);
			path = PitchPerfect;
			sourceTree = "<group>";
		};
/* End PBXGroup section */

/* Begin PBXNativeTarget section */
		BC4885031CBF2E1700500199 /* PitchPerfect */ = {
			isa = PBXNativeTarget;
			buildConfigurationList = BC4885161CBF2E1700500199 /* Build configuration list for PBXNativeTarget "PitchPerfect" */;
			buildPhases = (
				BC4885001CBF2E1700500199 /* Sources */,
				BC4885011CBF2E1700500199 /* Frameworks */,
				BC4885021CBF2E1700500199 /* Resources */,
			);
			buildRules = (
			);
			dependencies = (
			);
			name = PitchPerfect;
			productName = PitchPerfect;
			productReference = BC4885041CBF2E1700500199 /* PitchPerfect.app */;
			productType = "com.apple.product-type.application";
		};
/* End PBXNativeTarget section */

/* Begin PBXProject section */
		BC4884FC1CBF2E1700500199 /* Project object */ = {
			isa = PBXProject;
			attributes = {
				LastSwiftUpdateCheck = 0730;
				LastUpgradeCheck = 0730;
				ORGANIZATIONNAME = SweetJohn;
				TargetAttributes = {
					BC4885031CBF2E1700500199 = {
						CreatedOnToolsVersion = 7.3;
						DevelopmentTeam = 78P97U7E4N;
					};
				};
			};
			buildConfigurationList = BC4884FF1CBF2E1700500199 /* Build configuration list for PBXProject "PitchPerfect" */;
			compatibilityVersion = "Xcode 3.2";
			developmentRegion = English;
			hasScannedForEncodings = 0;
			knownRegions = (
				en,
				Base,
			);
			mainGroup = BC4884FB1CBF2E1700500199;
			productRefGroup = BC4885051CBF2E1700500199 /* Products */;
			projectDirPath = "";
			projectRoot = "";
			targets = (
				BC4885031CBF2E1700500199 /* PitchPerfect */,
			);
		};
/* End PBXProject section */

/* Begin PBXResourcesBuildPhase section */
		BC4885021CBF2E1700500199 /* Resources */ = {
			isa = PBXResourcesBuildPhase;
			buildActionMask = 2147483647;
			files = (
				BC4885121CBF2E1700500199 /* LaunchScreen.storyboard in Resources */,
				BC48850F1CBF2E1700500199 /* Assets.xcassets in Resources */,
				BC48850D1CBF2E1700500199 /* Main.storyboard in Resources */,
			);
			runOnlyForDeploymentPostprocessing = 0;
		};
/* End PBXResourcesBuildPhase section */

/* Begin PBXSourcesBuildPhase section */
		BC4885001CBF2E1700500199 /* Sources */ = {
			isa = PBXSourcesBuildPhase;
			buildActionMask = 2147483647;
			files = (
				BC48850A1CBF2E1700500199 /* RecordSoundsViewController.swift in Sources */,
				BC4122B11CC8AB5C00835BAA /* PlaySoundsViewController+Audio.swift in Sources */,
				BCC5E1BE1CC482D8001048FB /* PlaySoundsViewController.swift in Sources */,
				BC4885081CBF2E1700500199 /* AppDelegate.swift in Sources */,
			);
			runOnlyForDeploymentPostprocessing = 0;
		};
/* End PBXSourcesBuildPhase section */

/* Begin PBXVariantGroup section */
		BC48850B1CBF2E1700500199 /* Main.storyboard */ = {
			isa = PBXVariantGroup;
			children = (
				BC48850C1CBF2E1700500199 /* Base */,
			);
			name = Main.storyboard;
			sourceTree = "<group>";
		};
		BC4885101CBF2E1700500199 /* LaunchScreen.storyboard */ = {
			isa = PBXVariantGroup;
			children = (
				BC4885111CBF2E1700500199 /* Base */,
			);
			name = LaunchScreen.storyboard;
			sourceTree = "<group>";
		};
/* End PBXVariantGroup section */

/* Begin XCBuildConfiguration section */
		BC4885141CBF2E1700500199 /* Debug */ = {
			isa = XCBuildConfiguration;
			buildSettings = {
				ALWAYS_SEARCH_USER_PATHS = NO;
				CLANG_ANALYZER_NONNULL = YES;
				CLANG_CXX_LANGUAGE_STANDARD = "gnu++0x";
				CLANG_CXX_LIBRARY = "libc++";
				CLANG_ENABLE_MODULES = YES;
				CLANG_ENABLE_OBJC_ARC = YES;
				CLANG_WARN_BOOL_CONVERSION = YES;
				CLANG_WARN_CONSTANT_CONVERSION = YES;
				CLANG_WARN_DIRECT_OBJC_ISA_USAGE = YES_ERROR;
				CLANG_WARN_EMPTY_BODY = YES;
				CLANG_WARN_ENUM_CONVERSION = YES;
				CLANG_WARN_INT_CONVERSION = YES;
				CLANG_WARN_OBJC_ROOT_CLASS = YES_ERROR;
				CLANG_WARN_UNREACHABLE_CODE = YES;
				CLANG_WARN__DUPLICATE_METHOD_MATCH = YES;
				"CODE_SIGN_IDENTITY[sdk=iphoneos*]" = "iPhone Developer";
				COPY_PHASE_STRIP = NO;
				DEBUG_INFORMATION_FORMAT = dwarf;
				ENABLE_STRICT_OBJC_MSGSEND = YES;
				ENABLE_TESTABILITY = YES;
				GCC_C_LANGUAGE_STANDARD = gnu99;
				GCC_DYNAMIC_NO_PIC = NO;
				GCC_NO_COMMON_BLOCKS = YES;
				GCC_OPTIMIZATION_LEVEL = 0;
				GCC_PREPROCESSOR_DEFINITIONS = (
					"DEBUG=1",
					"$(inherited)",
				);
				GCC_WARN_64_TO_32_BIT_CONVERSION = YES;
				GCC_WARN_ABOUT_RETURN_TYPE = YES_ERROR;
				GCC_WARN_UNDECLARED_SELECTOR = YES;
				GCC_WARN_UNINITIALIZED_AUTOS = YES_AGGRESSIVE;
				GCC_WARN_UNUSED_FUNCTION = YES;
				GCC_WARN_UNUSED_VARIABLE = YES;
				IPHONEOS_DEPLOYMENT_TARGET = 9.3;
				MTL_ENABLE_DEBUG_INFO = YES;
				ONLY_ACTIVE_ARCH = YES;
				SDKROOT = iphoneos;
				SWIFT_OPTIMIZATION_LEVEL = "-Onone";
				TARGETED_DEVICE_FAMILY = "1,2";
			};
			name = Debug;
		};
		BC4885151CBF2E1700500199 /* Release */ = {
			isa = XCBuildConfiguration;
			buildSettings = {
				ALWAYS_SEARCH_USER_PATHS = NO;
				CLANG_ANALYZER_NONNULL = YES;
				CLANG_CXX_LANGUAGE_STANDARD = "gnu++0x";
				CLANG_CXX_LIBRARY = "libc++";
				CLANG_ENABLE_MODULES = YES;
				CLANG_ENABLE_OBJC_ARC = YES;
				CLANG_WARN_BOOL_CONVERSION = YES;
				CLANG_WARN_CONSTANT_CONVERSION = YES;
				CLANG_WARN_DIRECT_OBJC_ISA_USAGE = YES_ERROR;
				CLANG_WARN_EMPTY_BODY = YES;
				CLANG_WARN_ENUM_CONVERSION = YES;
				CLANG_WARN_INT_CONVERSION = YES;
				CLANG_WARN_OBJC_ROOT_CLASS = YES_ERROR;
				CLANG_WARN_UNREACHABLE_CODE = YES;
				CLANG_WARN__DUPLICATE_METHOD_MATCH = YES;
				"CODE_SIGN_IDENTITY[sdk=iphoneos*]" = "iPhone Developer";
				COPY_PHASE_STRIP = NO;
				DEBUG_INFORMATION_FORMAT = "dwarf-with-dsym";
				ENABLE_NS_ASSERTIONS = NO;
				ENABLE_STRICT_OBJC_MSGSEND = YES;
				GCC_C_LANGUAGE_STANDARD = gnu99;
				GCC_NO_COMMON_BLOCKS = YES;
				GCC_WARN_64_TO_32_BIT_CONVERSION = YES;
				GCC_WARN_ABOUT_RETURN_TYPE = YES_ERROR;
				GCC_WARN_UNDECLARED_SELECTOR = YES;
				GCC_WARN_UNINITIALIZED_AUTOS = YES_AGGRESSIVE;
				GCC_WARN_UNUSED_FUNCTION = YES;
				GCC_WARN_UNUSED_VARIABLE = YES;
				IPHONEOS_DEPLOYMENT_TARGET = 9.3;
				MTL_ENABLE_DEBUG_INFO = NO;
				SDKROOT = iphoneos;
				TARGETED_DEVICE_FAMILY = "1,2";
				VALIDATE_PRODUCT = YES;
			};
			name = Release;
		};
		BC4885171CBF2E1700500199 /* Debug */ = {
			isa = XCBuildConfiguration;
			buildSettings = {
				ASSETCATALOG_COMPILER_APPICON_NAME = AppIcon;
				CODE_SIGN_IDENTITY = "iPhone Developer";
				"CODE_SIGN_IDENTITY[sdk=iphoneos*]" = "iPhone Developer";
				INFOPLIST_FILE = PitchPerfect/Info.plist;
				IPHONEOS_DEPLOYMENT_TARGET = 9.3;
				LD_RUNPATH_SEARCH_PATHS = "$(inherited) @executable_path/Frameworks";
				PRODUCT_BUNDLE_IDENTIFIER = com.SJStudio.PitchPerfect;
				PRODUCT_NAME = "$(TARGET_NAME)";
				PROVISIONING_PROFILE = "";
			};
			name = Debug;
		};
		BC4885181CBF2E1700500199 /* Release */ = {
			isa = XCBuildConfiguration;
			buildSettings = {
				ASSETCATALOG_COMPILER_APPICON_NAME = AppIcon;
				CODE_SIGN_IDENTITY = "iPhone Developer";
				"CODE_SIGN_IDENTITY[sdk=iphoneos*]" = "iPhone Developer";
				INFOPLIST_FILE = PitchPerfect/Info.plist;
				IPHONEOS_DEPLOYMENT_TARGET = 9.3;
				LD_RUNPATH_SEARCH_PATHS = "$(inherited) @executable_path/Frameworks";
				PRODUCT_BUNDLE_IDENTIFIER = com.SJStudio.PitchPerfect;
				PRODUCT_NAME = "$(TARGET_NAME)";
				PROVISIONING_PROFILE = "";
			};
			name = Release;
		};
/* End XCBuildConfiguration section */

/* Begin XCConfigurationList section */
		BC4884FF1CBF2E1700500199 /* Build configuration list for PBXProject "PitchPerfect" */ = {
			isa = XCConfigurationList;
			buildConfigurations = (
				BC4885141CBF2E1700500199 /* Debug */,
				BC4885151CBF2E1700500199 /* Release */,
			);
			defaultConfigurationIsVisible = 0;
			defaultConfigurationName = Release;
		};
		BC4885161CBF2E1700500199 /* Build configuration list for PBXNativeTarget "PitchPerfect" */ = {
			isa = XCConfigurationList;
			buildConfigurations = (
				BC4885171CBF2E1700500199 /* Debug */,
				BC4885181CBF2E1700500199 /* Release */,
			);
			defaultConfigurationIsVisible = 0;
			defaultConfigurationName = Release;
		};
/* End XCConfigurationList section */
	};
	rootObject = BC4884FC1CBF2E1700500199 /* Project object */;
}
